
Microsoft Visual Studio Solution File, Format Version 12.00
# Visual Studio 15
VisualStudioVersion = 15.0.26730.3
MinimumVisualStudioVersion = 10.0.40219.1
Project("{8BC9CEB8-8B4A-11D0-8D11-00A0C91BC942}") = "While_doWhile", "While_doWhile\While_doWhile.vcxproj", "{34BA80A1-92A6-4484-B14C-71F37D488913}"
EndProject
Global
	GlobalSection(SolutionConfigurationPlatforms) = preSolution
		Debug|x64 = Debug|x64
		Debug|x86 = Debug|x86
		Release|x64 = Release|x64
		Release|x86 = Release|x86
	EndGlobalSection
	GlobalSection(ProjectConfigurationPlatforms) = postSolution
		{34BA80A1-92A6-4484-B14C-71F37D488913}.Debug|x64.ActiveCfg = Debug|x64
		{34BA80A1-92A6-4484-B14C-71F37D488913}.Debug|x64.Build.0 = Debug|x64
		{34BA80A1-92A6-4484-B14C-71F37D488913}.Debug|x86.ActiveCfg = Debug|Win32
		{34BA80A1-92A6-4484-B14C-71F37D488913}.Debug|x86.Build.0 = Debug|Win32
		{34BA80A1-92A6-4484-B14C-71F37D488913}.Release|x64.ActiveCfg = Release|x64
		{34BA80A1-92A6-4484-B14C-71F37D488913}.Release|x64.Build.0 = Release|x64
		{34BA80A1-92A6-4484-B14C-71F37D488913}.Release|x86.ActiveCfg = Release|Win32
		{34BA80A1-92A6-4484-B14C-71F37D488913}.Release|x86.Build.0 = Release|Win32
	EndGlobalSection
	GlobalSection(SolutionProperties) = preSolution
		HideSolutionNode = FALSE
	EndGlobalSection
	GlobalSection(ExtensibilityGlobals) = postSolution
		SolutionGuid = {DA021426-D9FA-468F-9B49-BD5B7242E5E0}
	EndGlobalSection
EndGlobal
