
Microsoft Visual Studio Solution File, Format Version 12.00
# Visual Studio 15
VisualStudioVersion = 15.0.26730.3
MinimumVisualStudioVersion = 10.0.40219.1
Project("{8BC9CEB8-8B4A-11D0-8D11-00A0C91BC942}") = "Pointers", "Pointers\Pointers.vcxproj", "{398C1DCF-5A2A-4F14-A969-74EF4D7703F0}"
EndProject
Global
	GlobalSection(SolutionConfigurationPlatforms) = preSolution
		Debug|x64 = Debug|x64
		Debug|x86 = Debug|x86
		Release|x64 = Release|x64
		Release|x86 = Release|x86
	EndGlobalSection
	GlobalSection(ProjectConfigurationPlatforms) = postSolution
		{398C1DCF-5A2A-4F14-A969-74EF4D7703F0}.Debug|x64.ActiveCfg = Debug|x64
		{398C1DCF-5A2A-4F14-A969-74EF4D7703F0}.Debug|x64.Build.0 = Debug|x64
		{398C1DCF-5A2A-4F14-A969-74EF4D7703F0}.Debug|x86.ActiveCfg = Debug|Win32
		{398C1DCF-5A2A-4F14-A969-74EF4D7703F0}.Debug|x86.Build.0 = Debug|Win32
		{398C1DCF-5A2A-4F14-A969-74EF4D7703F0}.Release|x64.ActiveCfg = Release|x64
		{398C1DCF-5A2A-4F14-A969-74EF4D7703F0}.Release|x64.Build.0 = Release|x64
		{398C1DCF-5A2A-4F14-A969-74EF4D7703F0}.Release|x86.ActiveCfg = Release|Win32
		{398C1DCF-5A2A-4F14-A969-74EF4D7703F0}.Release|x86.Build.0 = Release|Win32
	EndGlobalSection
	GlobalSection(SolutionProperties) = preSolution
		HideSolutionNode = FALSE
	EndGlobalSection
	GlobalSection(ExtensibilityGlobals) = postSolution
		SolutionGuid = {1A8C6EF4-FB0D-4A83-A548-8AB30CF409D1}
	EndGlobalSection
EndGlobal
